
Microsoft Visual Studio Solution File, Format Version 12.00
# Visual Studio Version 16
VisualStudioVersion = 16.0.29613.14
MinimumVisualStudioVersion = 10.0.40219.1
Project("{FAE04EC0-301F-11D3-BF4B-00C04F79EFBC}") = "Car Delivery System", "Car Delivery System.csproj", "{8CADE66C-5EF1-439D-A3D5-FB824D110B80}"
EndProject
Global
	GlobalSection(SolutionConfigurationPlatforms) = preSolution
		Debug|Any CPU = Debug|Any CPU
		Release|Any CPU = Release|Any CPU
	EndGlobalSection
	GlobalSection(ProjectConfigurationPlatforms) = postSolution
		{8CADE66C-5EF1-439D-A3D5-FB824D110B80}.Debug|Any CPU.ActiveCfg = Debug|Any CPU
		{8CADE66C-5EF1-439D-A3D5-FB824D110B80}.Debug|Any CPU.Build.0 = Debug|Any CPU
		{8CADE66C-5EF1-439D-A3D5-FB824D110B80}.Release|Any CPU.ActiveCfg = Release|Any CPU
		{8CADE66C-5EF1-439D-A3D5-FB824D110B80}.Release|Any CPU.Build.0 = Release|Any CPU
	EndGlobalSection
	GlobalSection(SolutionProperties) = preSolution
		HideSolutionNode = FALSE
	EndGlobalSection
	GlobalSection(ExtensibilityGlobals) = postSolution
		SolutionGuid = {58B0287E-8FF3-4DEF-998B-96C4D3101D24}
	EndGlobalSection
EndGlobal
